
Microsoft Visual Studio Solution File, Format Version 12.00
# Visual Studio Version 17
VisualStudioVersion = 17.6.33829.357
MinimumVisualStudioVersion = 10.0.40219.1
Project("{FAE04EC0-301F-11D3-BF4B-00C04F79EFBC}") = "reborepo2.UI.Tests", "reborepo2.Tests\reborepo2.UI.Tests.csproj", "{BFD1B8C8-7610-4445-941D-0DC8A8914485}"
EndProject
Project("{FAE04EC0-301F-11D3-BF4B-00C04F79EFBC}") = "reborepo2.core", "reborepo.core\reborepo2.core.csproj", "{729D6B9D-7587-434B-B436-139C981049C7}"
EndProject
Project("{FAE04EC0-301F-11D3-BF4B-00C04F79EFBC}") = "reborepo2.DataAccess.Inmemory", "reborepo.DataAccess.Inmemory\reborepo2.DataAccess.Inmemory.csproj", "{C4E04F06-088D-4FE9-AD68-5D7EA39750C5}"
EndProject
Project("{FAE04EC0-301F-11D3-BF4B-00C04F79EFBC}") = "reborepo2.services", "reborepo2.serverce\reborepo2.services.csproj", "{84ED673C-A4E1-46AE-98F8-5F49E7B81A1A}"
EndProject
Project("{FAE04EC0-301F-11D3-BF4B-00C04F79EFBC}") = "reborepo2.Ul", "reborepo2.Ul\reborepo2.Ul.csproj", "{1D2AA339-F073-45B2-9011-2DCC88FAEC86}"
EndProject
Project("{FAE04EC0-301F-11D3-BF4B-00C04F79EFBC}") = "reborepo2.DataAccess.SQL", "reborepo2.DataAccess.SQL\reborepo2.DataAccess.SQL.csproj", "{87110580-B46D-4F3F-BB7E-8DBE84F10441}"
EndProject
Global
	GlobalSection(SolutionConfigurationPlatforms) = preSolution
		Debug|Any CPU = Debug|Any CPU
		Debug|ARM = Debug|ARM
		Debug|ARM64 = Debug|ARM64
		Debug|x64 = Debug|x64
		Debug|x86 = Debug|x86
		Release|Any CPU = Release|Any CPU
		Release|ARM = Release|ARM
		Release|ARM64 = Release|ARM64
		Release|x64 = Release|x64
		Release|x86 = Release|x86
	EndGlobalSection
	GlobalSection(ProjectConfigurationPlatforms) = postSolution
		{BFD1B8C8-7610-4445-941D-0DC8A8914485}.Debug|Any CPU.ActiveCfg = Debug|Any CPU
		{BFD1B8C8-7610-4445-941D-0DC8A8914485}.Debug|Any CPU.Build.0 = Debug|Any CPU
		{BFD1B8C8-7610-4445-941D-0DC8A8914485}.Debug|ARM.ActiveCfg = Debug|Any CPU
		{BFD1B8C8-7610-4445-941D-0DC8A8914485}.Debug|ARM.Build.0 = Debug|Any CPU
		{BFD1B8C8-7610-4445-941D-0DC8A8914485}.Debug|ARM64.ActiveCfg = Debug|Any CPU
		{BFD1B8C8-7610-4445-941D-0DC8A8914485}.Debug|ARM64.Build.0 = Debug|Any CPU
		{BFD1B8C8-7610-4445-941D-0DC8A8914485}.Debug|x64.ActiveCfg = Debug|Any CPU
		{BFD1B8C8-7610-4445-941D-0DC8A8914485}.Debug|x64.Build.0 = Debug|Any CPU
		{BFD1B8C8-7610-4445-941D-0DC8A8914485}.Debug|x86.ActiveCfg = Debug|Any CPU
		{BFD1B8C8-7610-4445-941D-0DC8A8914485}.Debug|x86.Build.0 = Debug|Any CPU
		{BFD1B8C8-7610-4445-941D-0DC8A8914485}.Release|Any CPU.ActiveCfg = Release|Any CPU
		{BFD1B8C8-7610-4445-941D-0DC8A8914485}.Release|Any CPU.Build.0 = Release|Any CPU
		{BFD1B8C8-7610-4445-941D-0DC8A8914485}.Release|ARM.ActiveCfg = Release|Any CPU
		{BFD1B8C8-7610-4445-941D-0DC8A8914485}.Release|ARM.Build.0 = Release|Any CPU
		{BFD1B8C8-7610-4445-941D-0DC8A8914485}.Release|ARM64.ActiveCfg = Release|Any CPU
		{BFD1B8C8-7610-4445-941D-0DC8A8914485}.Release|ARM64.Build.0 = Release|Any CPU
		{BFD1B8C8-7610-4445-941D-0DC8A8914485}.Release|x64.ActiveCfg = Release|Any CPU
		{BFD1B8C8-7610-4445-941D-0DC8A8914485}.Release|x64.Build.0 = Release|Any CPU
		{BFD1B8C8-7610-4445-941D-0DC8A8914485}.Release|x86.ActiveCfg = Release|Any CPU
		{BFD1B8C8-7610-4445-941D-0DC8A8914485}.Release|x86.Build.0 = Release|Any CPU
		{729D6B9D-7587-434B-B436-139C981049C7}.Debug|Any CPU.ActiveCfg = Debug|Any CPU
		{729D6B9D-7587-434B-B436-139C981049C7}.Debug|Any CPU.Build.0 = Debug|Any CPU
		{729D6B9D-7587-434B-B436-139C981049C7}.Debug|ARM.ActiveCfg = Debug|Any CPU
		{729D6B9D-7587-434B-B436-139C981049C7}.Debug|ARM.Build.0 = Debug|Any CPU
		{729D6B9D-7587-434B-B436-139C981049C7}.Debug|ARM64.ActiveCfg = Debug|Any CPU
		{729D6B9D-7587-434B-B436-139C981049C7}.Debug|ARM64.Build.0 = Debug|Any CPU
		{729D6B9D-7587-434B-B436-139C981049C7}.Debug|x64.ActiveCfg = Debug|Any CPU
		{729D6B9D-7587-434B-B436-139C981049C7}.Debug|x64.Build.0 = Debug|Any CPU
		{729D6B9D-7587-434B-B436-139C981049C7}.Debug|x86.ActiveCfg = Debug|Any CPU
		{729D6B9D-7587-434B-B436-139C981049C7}.Debug|x86.Build.0 = Debug|Any CPU
		{729D6B9D-7587-434B-B436-139C981049C7}.Release|Any CPU.ActiveCfg = Release|Any CPU
		{729D6B9D-7587-434B-B436-139C981049C7}.Release|Any CPU.Build.0 = Release|Any CPU
		{729D6B9D-7587-434B-B436-139C981049C7}.Release|ARM.ActiveCfg = Release|Any CPU
		{729D6B9D-7587-434B-B436-139C981049C7}.Release|ARM.Build.0 = Release|Any CPU
		{729D6B9D-7587-434B-B436-139C981049C7}.Release|ARM64.ActiveCfg = Release|Any CPU
		{729D6B9D-7587-434B-B436-139C981049C7}.Release|ARM64.Build.0 = Release|Any CPU
		{729D6B9D-7587-434B-B436-139C981049C7}.Release|x64.ActiveCfg = Release|Any CPU
		{729D6B9D-7587-434B-B436-139C981049C7}.Release|x64.Build.0 = Release|Any CPU
		{729D6B9D-7587-434B-B436-139C981049C7}.Release|x86.ActiveCfg = Release|Any CPU
		{729D6B9D-7587-434B-B436-139C981049C7}.Release|x86.Build.0 = Release|Any CPU
		{C4E04F06-088D-4FE9-AD68-5D7EA39750C5}.Debug|Any CPU.ActiveCfg = Debug|Any CPU
		{C4E04F06-088D-4FE9-AD68-5D7EA39750C5}.Debug|Any CPU.Build.0 = Debug|Any CPU
		{C4E04F06-088D-4FE9-AD68-5D7EA39750C5}.Debug|ARM.ActiveCfg = Debug|Any CPU
		{C4E04F06-088D-4FE9-AD68-5D7EA39750C5}.Debug|ARM.Build.0 = Debug|Any CPU
		{C4E04F06-088D-4FE9-AD68-5D7EA39750C5}.Debug|ARM64.ActiveCfg = Debug|Any CPU
		{C4E04F06-088D-4FE9-AD68-5D7EA39750C5}.Debug|ARM64.Build.0 = Debug|Any CPU
		{C4E04F06-088D-4FE9-AD68-5D7EA39750C5}.Debug|x64.ActiveCfg = Debug|Any CPU
		{C4E04F06-088D-4FE9-AD68-5D7EA39750C5}.Debug|x64.Build.0 = Debug|Any CPU
		{C4E04F06-088D-4FE9-AD68-5D7EA39750C5}.Debug|x86.ActiveCfg = Debug|Any CPU
		{C4E04F06-088D-4FE9-AD68-5D7EA39750C5}.Debug|x86.Build.0 = Debug|Any CPU
		{C4E04F06-088D-4FE9-AD68-5D7EA39750C5}.Release|Any CPU.ActiveCfg = Release|Any CPU
		{C4E04F06-088D-4FE9-AD68-5D7EA39750C5}.Release|Any CPU.Build.0 = Release|Any CPU
		{C4E04F06-088D-4FE9-AD68-5D7EA39750C5}.Release|ARM.ActiveCfg = Release|Any CPU
		{C4E04F06-088D-4FE9-AD68-5D7EA39750C5}.Release|ARM.Build.0 = Release|Any CPU
		{C4E04F06-088D-4FE9-AD68-5D7EA39750C5}.Release|ARM64.ActiveCfg = Release|Any CPU
		{C4E04F06-088D-4FE9-AD68-5D7EA39750C5}.Release|ARM64.Build.0 = Release|Any CPU
		{C4E04F06-088D-4FE9-AD68-5D7EA39750C5}.Release|x64.ActiveCfg = Release|Any CPU
		{C4E04F06-088D-4FE9-AD68-5D7EA39750C5}.Release|x64.Build.0 = Release|Any CPU
		{C4E04F06-088D-4FE9-AD68-5D7EA39750C5}.Release|x86.ActiveCfg = Release|Any CPU
		{C4E04F06-088D-4FE9-AD68-5D7EA39750C5}.Release|x86.Build.0 = Release|Any CPU
		{84ED673C-A4E1-46AE-98F8-5F49E7B81A1A}.Debug|Any CPU.ActiveCfg = Debug|Any CPU
		{84ED673C-A4E1-46AE-98F8-5F49E7B81A1A}.Debug|Any CPU.Build.0 = Debug|Any CPU
		{84ED673C-A4E1-46AE-98F8-5F49E7B81A1A}.Debug|ARM.ActiveCfg = Debug|Any CPU
		{84ED673C-A4E1-46AE-98F8-5F49E7B81A1A}.Debug|ARM.Build.0 = Debug|Any CPU
		{84ED673C-A4E1-46AE-98F8-5F49E7B81A1A}.Debug|ARM64.ActiveCfg = Debug|Any CPU
		{84ED673C-A4E1-46AE-98F8-5F49E7B81A1A}.Debug|ARM64.Build.0 = Debug|Any CPU
		{84ED673C-A4E1-46AE-98F8-5F49E7B81A1A}.Debug|x64.ActiveCfg = Debug|Any CPU
		{84ED673C-A4E1-46AE-98F8-5F49E7B81A1A}.Debug|x64.Build.0 = Debug|Any CPU
		{84ED673C-A4E1-46AE-98F8-5F49E7B81A1A}.Debug|x86.ActiveCfg = Debug|Any CPU
		{84ED673C-A4E1-46AE-98F8-5F49E7B81A1A}.Debug|x86.Build.0 = Debug|Any CPU
		{84ED673C-A4E1-46AE-98F8-5F49E7B81A1A}.Release|Any CPU.ActiveCfg = Release|Any CPU
		{84ED673C-A4E1-46AE-98F8-5F49E7B81A1A}.Release|Any CPU.Build.0 = Release|Any CPU
		{84ED673C-A4E1-46AE-98F8-5F49E7B81A1A}.Release|ARM.ActiveCfg = Release|Any CPU
		{84ED673C-A4E1-46AE-98F8-5F49E7B81A1A}.Release|ARM.Build.0 = Release|Any CPU
		{84ED673C-A4E1-46AE-98F8-5F49E7B81A1A}.Release|ARM64.ActiveCfg = Release|Any CPU
		{84ED673C-A4E1-46AE-98F8-5F49E7B81A1A}.Release|ARM64.Build.0 = Release|Any CPU
		{84ED673C-A4E1-46AE-98F8-5F49E7B81A1A}.Release|x64.ActiveCfg = Release|Any CPU
		{84ED673C-A4E1-46AE-98F8-5F49E7B81A1A}.Release|x64.Build.0 = Release|Any CPU
		{84ED673C-A4E1-46AE-98F8-5F49E7B81A1A}.Release|x86.ActiveCfg = Release|Any CPU
		{84ED673C-A4E1-46AE-98F8-5F49E7B81A1A}.Release|x86.Build.0 = Release|Any CPU
		{1D2AA339-F073-45B2-9011-2DCC88FAEC86}.Debug|Any CPU.ActiveCfg = Debug|Any CPU
		{1D2AA339-F073-45B2-9011-2DCC88FAEC86}.Debug|Any CPU.Build.0 = Debug|Any CPU
		{1D2AA339-F073-45B2-9011-2DCC88FAEC86}.Debug|ARM.ActiveCfg = Debug|Any CPU
		{1D2AA339-F073-45B2-9011-2DCC88FAEC86}.Debug|ARM.Build.0 = Debug|Any CPU
		{1D2AA339-F073-45B2-9011-2DCC88FAEC86}.Debug|ARM64.ActiveCfg = Debug|Any CPU
		{1D2AA339-F073-45B2-9011-2DCC88FAEC86}.Debug|ARM64.Build.0 = Debug|Any CPU
		{1D2AA339-F073-45B2-9011-2DCC88FAEC86}.Debug|x64.ActiveCfg = Debug|Any CPU
		{1D2AA339-F073-45B2-9011-2DCC88FAEC86}.Debug|x64.Build.0 = Debug|Any CPU
		{1D2AA339-F073-45B2-9011-2DCC88FAEC86}.Debug|x86.ActiveCfg = Debug|Any CPU
		{1D2AA339-F073-45B2-9011-2DCC88FAEC86}.Debug|x86.Build.0 = Debug|Any CPU
		{1D2AA339-F073-45B2-9011-2DCC88FAEC86}.Release|Any CPU.ActiveCfg = Release|Any CPU
		{1D2AA339-F073-45B2-9011-2DCC88FAEC86}.Release|Any CPU.Build.0 = Release|Any CPU
		{1D2AA339-F073-45B2-9011-2DCC88FAEC86}.Release|ARM.ActiveCfg = Release|Any CPU
		{1D2AA339-F073-45B2-9011-2DCC88FAEC86}.Release|ARM.Build.0 = Release|Any CPU
		{1D2AA339-F073-45B2-9011-2DCC88FAEC86}.Release|ARM64.ActiveCfg = Release|Any CPU
		{1D2AA339-F073-45B2-9011-2DCC88FAEC86}.Release|ARM64.Build.0 = Release|Any CPU
		{1D2AA339-F073-45B2-9011-2DCC88FAEC86}.Release|x64.ActiveCfg = Release|Any CPU
		{1D2AA339-F073-45B2-9011-2DCC88FAEC86}.Release|x64.Build.0 = Release|Any CPU
		{1D2AA339-F073-45B2-9011-2DCC88FAEC86}.Release|x86.ActiveCfg = Release|Any CPU
		{1D2AA339-F073-45B2-9011-2DCC88FAEC86}.Release|x86.Build.0 = Release|Any CPU
		{87110580-B46D-4F3F-BB7E-8DBE84F10441}.Debug|Any CPU.ActiveCfg = Debug|Any CPU
		{87110580-B46D-4F3F-BB7E-8DBE84F10441}.Debug|Any CPU.Build.0 = Debug|Any CPU
		{87110580-B46D-4F3F-BB7E-8DBE84F10441}.Debug|ARM.ActiveCfg = Debug|Any CPU
		{87110580-B46D-4F3F-BB7E-8DBE84F10441}.Debug|ARM.Build.0 = Debug|Any CPU
		{87110580-B46D-4F3F-BB7E-8DBE84F10441}.Debug|ARM64.ActiveCfg = Debug|Any CPU
		{87110580-B46D-4F3F-BB7E-8DBE84F10441}.Debug|ARM64.Build.0 = Debug|Any CPU
		{87110580-B46D-4F3F-BB7E-8DBE84F10441}.Debug|x64.ActiveCfg = Debug|Any CPU
		{87110580-B46D-4F3F-BB7E-8DBE84F10441}.Debug|x64.Build.0 = Debug|Any CPU
		{87110580-B46D-4F3F-BB7E-8DBE84F10441}.Debug|x86.ActiveCfg = Debug|Any CPU
		{87110580-B46D-4F3F-BB7E-8DBE84F10441}.Debug|x86.Build.0 = Debug|Any CPU
		{87110580-B46D-4F3F-BB7E-8DBE84F10441}.Release|Any CPU.ActiveCfg = Release|Any CPU
		{87110580-B46D-4F3F-BB7E-8DBE84F10441}.Release|Any CPU.Build.0 = Release|Any CPU
		{87110580-B46D-4F3F-BB7E-8DBE84F10441}.Release|ARM.ActiveCfg = Release|Any CPU
		{87110580-B46D-4F3F-BB7E-8DBE84F10441}.Release|ARM.Build.0 = Release|Any CPU
		{87110580-B46D-4F3F-BB7E-8DBE84F10441}.Release|ARM64.ActiveCfg = Release|Any CPU
		{87110580-B46D-4F3F-BB7E-8DBE84F10441}.Release|ARM64.Build.0 = Release|Any CPU
		{87110580-B46D-4F3F-BB7E-8DBE84F10441}.Release|x64.ActiveCfg = Release|Any CPU
		{87110580-B46D-4F3F-BB7E-8DBE84F10441}.Release|x64.Build.0 = Release|Any CPU
		{87110580-B46D-4F3F-BB7E-8DBE84F10441}.Release|x86.ActiveCfg = Release|Any CPU
		{87110580-B46D-4F3F-BB7E-8DBE84F10441}.Release|x86.Build.0 = Release|Any CPU
	EndGlobalSection
	GlobalSection(SolutionProperties) = preSolution
		HideSolutionNode = FALSE
	EndGlobalSection
	GlobalSection(ExtensibilityGlobals) = postSolution
		SolutionGuid = {61BE4458-1481-4E20-9FB0-57612DC466D6}
	EndGlobalSection
EndGlobal
